
Microsoft Visual Studio Solution File, Format Version 12.00
# Visual Studio Version 17
VisualStudioVersion = 17.7.34024.191
MinimumVisualStudioVersion = 10.0.40219.1
Project("{8BC9CEB8-8B4A-11D0-8D11-00A0C91BC942}") = "Lab12.10", "Lab12.10\Lab12.10.vcxproj", "{2F7D2219-6266-4F41-8E9B-246E5665C5A8}"
EndProject
Project("{8BC9CEB8-8B4A-11D0-8D11-00A0C91BC942}") = "UnitTest1", "UnitTest1\UnitTest1.vcxproj", "{3E770B6B-C861-42D5-85EE-494CDFC84741}"
EndProject
Global
	GlobalSection(SolutionConfigurationPlatforms) = preSolution
		Debug|x64 = Debug|x64
		Debug|x86 = Debug|x86
		Release|x64 = Release|x64
		Release|x86 = Release|x86
	EndGlobalSection
	GlobalSection(ProjectConfigurationPlatforms) = postSolution
		{2F7D2219-6266-4F41-8E9B-246E5665C5A8}.Debug|x64.ActiveCfg = Debug|x64
		{2F7D2219-6266-4F41-8E9B-246E5665C5A8}.Debug|x64.Build.0 = Debug|x64
		{2F7D2219-6266-4F41-8E9B-246E5665C5A8}.Debug|x86.ActiveCfg = Debug|Win32
		{2F7D2219-6266-4F41-8E9B-246E5665C5A8}.Debug|x86.Build.0 = Debug|Win32
		{2F7D2219-6266-4F41-8E9B-246E5665C5A8}.Release|x64.ActiveCfg = Release|x64
		{2F7D2219-6266-4F41-8E9B-246E5665C5A8}.Release|x64.Build.0 = Release|x64
		{2F7D2219-6266-4F41-8E9B-246E5665C5A8}.Release|x86.ActiveCfg = Release|Win32
		{2F7D2219-6266-4F41-8E9B-246E5665C5A8}.Release|x86.Build.0 = Release|Win32
		{3E770B6B-C861-42D5-85EE-494CDFC84741}.Debug|x64.ActiveCfg = Debug|x64
		{3E770B6B-C861-42D5-85EE-494CDFC84741}.Debug|x64.Build.0 = Debug|x64
		{3E770B6B-C861-42D5-85EE-494CDFC84741}.Debug|x86.ActiveCfg = Debug|Win32
		{3E770B6B-C861-42D5-85EE-494CDFC84741}.Debug|x86.Build.0 = Debug|Win32
		{3E770B6B-C861-42D5-85EE-494CDFC84741}.Release|x64.ActiveCfg = Release|x64
		{3E770B6B-C861-42D5-85EE-494CDFC84741}.Release|x64.Build.0 = Release|x64
		{3E770B6B-C861-42D5-85EE-494CDFC84741}.Release|x86.ActiveCfg = Release|Win32
		{3E770B6B-C861-42D5-85EE-494CDFC84741}.Release|x86.Build.0 = Release|Win32
	EndGlobalSection
	GlobalSection(SolutionProperties) = preSolution
		HideSolutionNode = FALSE
	EndGlobalSection
	GlobalSection(ExtensibilityGlobals) = postSolution
		SolutionGuid = {98BF7DEA-E3D5-4136-9BEE-36EE66F15604}
	EndGlobalSection
EndGlobal
